
Microsoft Visual Studio Solution File, Format Version 12.00
# Visual Studio Version 16
VisualStudioVersion = 16.0.30804.86
MinimumVisualStudioVersion = 10.0.40219.1
Project("{FAE04EC0-301F-11D3-BF4B-00C04F79EFBC}") = "Figures", "Figures\Figures.csproj", "{95790A3C-FA35-49B6-AC86-BE6C0E7EECFD}"
EndProject
Global
	GlobalSection(SolutionConfigurationPlatforms) = preSolution
		Debug|Any CPU = Debug|Any CPU
		Release|Any CPU = Release|Any CPU
	EndGlobalSection
	GlobalSection(ProjectConfigurationPlatforms) = postSolution
		{95790A3C-FA35-49B6-AC86-BE6C0E7EECFD}.Debug|Any CPU.ActiveCfg = Debug|Any CPU
		{95790A3C-FA35-49B6-AC86-BE6C0E7EECFD}.Debug|Any CPU.Build.0 = Debug|Any CPU
		{95790A3C-FA35-49B6-AC86-BE6C0E7EECFD}.Release|Any CPU.ActiveCfg = Release|Any CPU
		{95790A3C-FA35-49B6-AC86-BE6C0E7EECFD}.Release|Any CPU.Build.0 = Release|Any CPU
	EndGlobalSection
	GlobalSection(SolutionProperties) = preSolution
		HideSolutionNode = FALSE
	EndGlobalSection
	GlobalSection(ExtensibilityGlobals) = postSolution
		SolutionGuid = {A662E0C2-4C5A-40BF-8E0A-793D9C86B949}
	EndGlobalSection
EndGlobal
